
Microsoft Visual Studio Solution File, Format Version 12.00
# Visual Studio 15
VisualStudioVersion = 15.0.28010.2016
MinimumVisualStudioVersion = 10.0.40219.1
Project("{FAE04EC0-301F-11D3-BF4B-00C04F79EFBC}") = "LCService", "LCService\LCService.csproj", "{62BF46D4-7BAD-4517-9A46-696C00EE654E}"
EndProject
Global
	GlobalSection(SolutionConfigurationPlatforms) = preSolution
		Debug|Any CPU = Debug|Any CPU
		Release|Any CPU = Release|Any CPU
	EndGlobalSection
	GlobalSection(ProjectConfigurationPlatforms) = postSolution
		{62BF46D4-7BAD-4517-9A46-696C00EE654E}.Debug|Any CPU.ActiveCfg = Debug|Any CPU
		{62BF46D4-7BAD-4517-9A46-696C00EE654E}.Debug|Any CPU.Build.0 = Debug|Any CPU
		{62BF46D4-7BAD-4517-9A46-696C00EE654E}.Release|Any CPU.ActiveCfg = Release|Any CPU
		{62BF46D4-7BAD-4517-9A46-696C00EE654E}.Release|Any CPU.Build.0 = Release|Any CPU
	EndGlobalSection
	GlobalSection(SolutionProperties) = preSolution
		HideSolutionNode = FALSE
	EndGlobalSection
	GlobalSection(ExtensibilityGlobals) = postSolution
		SolutionGuid = {C765CAC4-8CB3-4EA8-97CA-06109F8E3469}
	EndGlobalSection
EndGlobal
